
Microsoft Visual Studio Solution File, Format Version 12.00
# Visual Studio Version 16
VisualStudioVersion = 16.0.30011.22
MinimumVisualStudioVersion = 10.0.40219.1
Project("{FAE04EC0-301F-11D3-BF4B-00C04F79EFBC}") = "CommandBuilderBenchmark", "CommandBuilderBenchmark\CommandBuilderBenchmark.csproj", "{1A5125D4-1F6E-42D1-8B62-892F6F247DCB}"
EndProject
Global
	GlobalSection(SolutionConfigurationPlatforms) = preSolution
		Debug|Any CPU = Debug|Any CPU
		Release|Any CPU = Release|Any CPU
	EndGlobalSection
	GlobalSection(ProjectConfigurationPlatforms) = postSolution
		{1A5125D4-1F6E-42D1-8B62-892F6F247DCB}.Debug|Any CPU.ActiveCfg = Debug|Any CPU
		{1A5125D4-1F6E-42D1-8B62-892F6F247DCB}.Debug|Any CPU.Build.0 = Debug|Any CPU
		{1A5125D4-1F6E-42D1-8B62-892F6F247DCB}.Release|Any CPU.ActiveCfg = Release|Any CPU
		{1A5125D4-1F6E-42D1-8B62-892F6F247DCB}.Release|Any CPU.Build.0 = Release|Any CPU
	EndGlobalSection
	GlobalSection(SolutionProperties) = preSolution
		HideSolutionNode = FALSE
	EndGlobalSection
	GlobalSection(ExtensibilityGlobals) = postSolution
		SolutionGuid = {27DCE045-2BE5-4302-9FD6-E7B14EDC38CD}
	EndGlobalSection
EndGlobal
